
Microsoft Visual Studio Solution File, Format Version 12.00
# Visual Studio Version 17
VisualStudioVersion = 17.0.31912.275
MinimumVisualStudioVersion = 10.0.40219.1
Project("{9A19103F-16F7-4668-BE54-9A1E7A4F7556}") = "WebClient", "WebClient\WebClient.csproj", "{DAC398EA-C5C5-479D-96C8-ED8883E5F28E}"
	ProjectSection(ProjectDependencies) = postProject
		{DD1CA365-F59C-418A-9B4B-CE4FE6D4C4C8} = {DD1CA365-F59C-418A-9B4B-CE4FE6D4C4C8}
		{AFAE8FDE-12CD-4049-83DC-2FF5FE2A5FC7} = {AFAE8FDE-12CD-4049-83DC-2FF5FE2A5FC7}
	EndProjectSection
EndProject
Project("{9A19103F-16F7-4668-BE54-9A1E7A4F7556}") = "CreditCardServiceApi", "CreditCardServiceApi\CreditCardServiceApi.csproj", "{AFAE8FDE-12CD-4049-83DC-2FF5FE2A5FC7}"
EndProject
Project("{9A19103F-16F7-4668-BE54-9A1E7A4F7556}") = "DataAccess", "DataAccess\DataAccess.csproj", "{2F6B8FE2-BF98-4ED8-A400-AAB811B55882}"
EndProject
Project("{9A19103F-16F7-4668-BE54-9A1E7A4F7556}") = "Entities", "Entities\Entities.csproj", "{93E559C4-6825-474A-9459-FA567F2E7A98}"
EndProject
Project("{9A19103F-16F7-4668-BE54-9A1E7A4F7556}") = "Core", "Core\Core.csproj", "{80D25AC0-39BF-42C4-A94F-5BBD8D6289BE}"
EndProject
Project("{9A19103F-16F7-4668-BE54-9A1E7A4F7556}") = "Business", "Business\Business.csproj", "{DD1CA365-F59C-418A-9B4B-CE4FE6D4C4C8}"
	ProjectSection(ProjectDependencies) = postProject
		{AFAE8FDE-12CD-4049-83DC-2FF5FE2A5FC7} = {AFAE8FDE-12CD-4049-83DC-2FF5FE2A5FC7}
		{2F6B8FE2-BF98-4ED8-A400-AAB811B55882} = {2F6B8FE2-BF98-4ED8-A400-AAB811B55882}
	EndProjectSection
EndProject
Global
	GlobalSection(SolutionConfigurationPlatforms) = preSolution
		Debug|Any CPU = Debug|Any CPU
		Release|Any CPU = Release|Any CPU
	EndGlobalSection
	GlobalSection(ProjectConfigurationPlatforms) = postSolution
		{DAC398EA-C5C5-479D-96C8-ED8883E5F28E}.Debug|Any CPU.ActiveCfg = Debug|Any CPU
		{DAC398EA-C5C5-479D-96C8-ED8883E5F28E}.Debug|Any CPU.Build.0 = Debug|Any CPU
		{DAC398EA-C5C5-479D-96C8-ED8883E5F28E}.Release|Any CPU.ActiveCfg = Release|Any CPU
		{DAC398EA-C5C5-479D-96C8-ED8883E5F28E}.Release|Any CPU.Build.0 = Release|Any CPU
		{AFAE8FDE-12CD-4049-83DC-2FF5FE2A5FC7}.Debug|Any CPU.ActiveCfg = Debug|Any CPU
		{AFAE8FDE-12CD-4049-83DC-2FF5FE2A5FC7}.Debug|Any CPU.Build.0 = Debug|Any CPU
		{AFAE8FDE-12CD-4049-83DC-2FF5FE2A5FC7}.Release|Any CPU.ActiveCfg = Release|Any CPU
		{AFAE8FDE-12CD-4049-83DC-2FF5FE2A5FC7}.Release|Any CPU.Build.0 = Release|Any CPU
		{2F6B8FE2-BF98-4ED8-A400-AAB811B55882}.Debug|Any CPU.ActiveCfg = Debug|Any CPU
		{2F6B8FE2-BF98-4ED8-A400-AAB811B55882}.Debug|Any CPU.Build.0 = Debug|Any CPU
		{2F6B8FE2-BF98-4ED8-A400-AAB811B55882}.Release|Any CPU.ActiveCfg = Release|Any CPU
		{2F6B8FE2-BF98-4ED8-A400-AAB811B55882}.Release|Any CPU.Build.0 = Release|Any CPU
		{93E559C4-6825-474A-9459-FA567F2E7A98}.Debug|Any CPU.ActiveCfg = Debug|Any CPU
		{93E559C4-6825-474A-9459-FA567F2E7A98}.Debug|Any CPU.Build.0 = Debug|Any CPU
		{93E559C4-6825-474A-9459-FA567F2E7A98}.Release|Any CPU.ActiveCfg = Release|Any CPU
		{93E559C4-6825-474A-9459-FA567F2E7A98}.Release|Any CPU.Build.0 = Release|Any CPU
		{80D25AC0-39BF-42C4-A94F-5BBD8D6289BE}.Debug|Any CPU.ActiveCfg = Debug|Any CPU
		{80D25AC0-39BF-42C4-A94F-5BBD8D6289BE}.Debug|Any CPU.Build.0 = Debug|Any CPU
		{80D25AC0-39BF-42C4-A94F-5BBD8D6289BE}.Release|Any CPU.ActiveCfg = Release|Any CPU
		{80D25AC0-39BF-42C4-A94F-5BBD8D6289BE}.Release|Any CPU.Build.0 = Release|Any CPU
		{DD1CA365-F59C-418A-9B4B-CE4FE6D4C4C8}.Debug|Any CPU.ActiveCfg = Debug|Any CPU
		{DD1CA365-F59C-418A-9B4B-CE4FE6D4C4C8}.Debug|Any CPU.Build.0 = Debug|Any CPU
		{DD1CA365-F59C-418A-9B4B-CE4FE6D4C4C8}.Release|Any CPU.ActiveCfg = Release|Any CPU
		{DD1CA365-F59C-418A-9B4B-CE4FE6D4C4C8}.Release|Any CPU.Build.0 = Release|Any CPU
	EndGlobalSection
	GlobalSection(SolutionProperties) = preSolution
		HideSolutionNode = FALSE
	EndGlobalSection
	GlobalSection(ExtensibilityGlobals) = postSolution
		SolutionGuid = {142CB300-765B-4AE5-A14D-1213D32F061C}
	EndGlobalSection
EndGlobal
